// !$*UTF8*$!
{
	archiveVersion = 1;
	classes = {
	};
	objectVersion = 48;
	objects = {

/* Begin PBXBuildFile section */
		9816E946205C2C1500B757C5 /* SceneKit Scene.scn in Resources */ = {isa = PBXBuildFile; fileRef = 9816E945205C2C1500B757C5 /* SceneKit Scene.scn */; };
		9816E948205D152500B757C5 /* SpectrumColumn.swift in Sources */ = {isa = PBXBuildFile; fileRef = 9816E947205D152500B757C5 /* SpectrumColumn.swift */; };
		9816E94A205D199C00B757C5 /* SpectrumGraph.swift in Sources */ = {isa = PBXBuildFile; fileRef = 9816E949205D199C00B757C5 /* SpectrumGraph.swift */; };
		9816E94C205D200200B757C5 /* SpectrumGraph3D.swift in Sources */ = {isa = PBXBuildFile; fileRef = 9816E94B205D200200B757C5 /* SpectrumGraph3D.swift */; };
		9816E94E205D240500B757C5 /* Materials.swift in Sources */ = {isa = PBXBuildFile; fileRef = 9816E94D205D240500B757C5 /* Materials.swift */; };
		9816E9502060812200B757C5 /* FFTHelper.swift in Sources */ = {isa = PBXBuildFile; fileRef = 9816E94F2060812200B757C5 /* FFTHelper.swift */; };
		9816E9522063564300B757C5 /* CustomCameraController.swift in Sources */ = {isa = PBXBuildFile; fileRef = 9816E9512063564300B757C5 /* CustomCameraController.swift */; };
		98187D3F206D8521006DC143 /* Constants.swift in Sources */ = {isa = PBXBuildFile; fileRef = 98187D3E206D8521006DC143 /* Constants.swift */; };
		9834EDEF2063CFB500087000 /* ionicons.ttf in Resources */ = {isa = PBXBuildFile; fileRef = 9834EDEE2063CFB500087000 /* ionicons.ttf */; };
		9846D2A42067A9EF00C88975 /* Julie_Maxwells_Starry_Sky.m4a in Resources */ = {isa = PBXBuildFile; fileRef = 9846D2A32067A9EF00C88975 /* Julie_Maxwells_Starry_Sky.m4a */; };
		989729EC206C680A007797F8 /* WaveformView.xib in Resources */ = {isa = PBXBuildFile; fileRef = 989729EB206C680A007797F8 /* WaveformView.xib */; };
		989729EE206C84B5007797F8 /* WaveformView.swift in Sources */ = {isa = PBXBuildFile; fileRef = 989729ED206C84B5007797F8 /* WaveformView.swift */; };
		989729F2206C95BE007797F8 /* WaveformViewController.swift in Sources */ = {isa = PBXBuildFile; fileRef = 989729F1206C95BE007797F8 /* WaveformViewController.swift */; };
		98AF585B206D036C00E5C898 /* WaveformTableViewController.swift in Sources */ = {isa = PBXBuildFile; fileRef = 98AF5859206D036C00E5C898 /* WaveformTableViewController.swift */; };
		98AF585E206D099900E5C898 /* UIViewExtensions.swift in Sources */ = {isa = PBXBuildFile; fileRef = 98AF585D206D099900E5C898 /* UIViewExtensions.swift */; };
		98AF5860206D201000E5C898 /* SineFunctionGenerator.swift in Sources */ = {isa = PBXBuildFile; fileRef = 98AF585F206D201000E5C898 /* SineFunctionGenerator.swift */; };
		98B6DA15205A53E4009B54E7 /* AppDelegate.swift in Sources */ = {isa = PBXBuildFile; fileRef = 98B6DA14205A53E4009B54E7 /* AppDelegate.swift */; };
		98B6DA17205A53E5009B54E7 /* ViewController.swift in Sources */ = {isa = PBXBuildFile; fileRef = 98B6DA16205A53E5009B54E7 /* ViewController.swift */; };
		98B6DA1A205A53E5009B54E7 /* Main.storyboard in Resources */ = {isa = PBXBuildFile; fileRef = 98B6DA18205A53E5009B54E7 /* Main.storyboard */; };
		98B6DA1C205A53E5009B54E7 /* Assets.xcassets in Resources */ = {isa = PBXBuildFile; fileRef = 98B6DA1B205A53E5009B54E7 /* Assets.xcassets */; };
		98B6DA1F205A53E5009B54E7 /* LaunchScreen.storyboard in Resources */ = {isa = PBXBuildFile; fileRef = 98B6DA1D205A53E5009B54E7 /* LaunchScreen.storyboard */; };
		98B6DA2B205A54EB009B54E7 /* Fouler_lhorizon.mp3 in Resources */ = {isa = PBXBuildFile; fileRef = 98B6DA2A205A54EB009B54E7 /* Fouler_lhorizon.mp3 */; };
		98B6DA2D205A63F2009B54E7 /* SpectrumView.swift in Sources */ = {isa = PBXBuildFile; fileRef = 98B6DA2C205A63F2009B54E7 /* SpectrumView.swift */; };
		98D5A9FF205A73B6003BDA7F /* 440and173.m4a in Resources */ = {isa = PBXBuildFile; fileRef = 98D5A9FE205A73B6003BDA7F /* 440and173.m4a */; };
		98D5AA01205AA30A003BDA7F /* MDK - Fingerbang.mp3 in Resources */ = {isa = PBXBuildFile; fileRef = 98D5AA00205AA30A003BDA7F /* MDK - Fingerbang.mp3 */; };
		98D5AA03205ABD74003BDA7F /* Mirror.mp3 in Resources */ = {isa = PBXBuildFile; fileRef = 98D5AA02205ABD74003BDA7F /* Mirror.mp3 */; };
		98D5AA05205B53C3003BDA7F /* AudioManager.swift in Sources */ = {isa = PBXBuildFile; fileRef = 98D5AA04205B53C3003BDA7F /* AudioManager.swift */; };
		98D5AA07205B5583003BDA7F /* AudioManagerDelegate.swift in Sources */ = {isa = PBXBuildFile; fileRef = 98D5AA06205B5583003BDA7F /* AudioManagerDelegate.swift */; };
		98DFA520206890E00072C7BA /* PlotView.swift in Sources */ = {isa = PBXBuildFile; fileRef = 98DFA51F206890E00072C7BA /* PlotView.swift */; };
		98DFA522206894790072C7BA /* TestViewController.swift in Sources */ = {isa = PBXBuildFile; fileRef = 98DFA521206894790072C7BA /* TestViewController.swift */; };
		98DFA5242069E81A0072C7BA /* AVPureTonePlayerNode.swift in Sources */ = {isa = PBXBuildFile; fileRef = 98DFA5232069E81A0072C7BA /* AVPureTonePlayerNode.swift */; };
/* End PBXBuildFile section */

/* Begin PBXFileReference section */
		9816E945205C2C1500B757C5 /* SceneKit Scene.scn */ = {isa = PBXFileReference; lastKnownFileType = file.bplist; path = "SceneKit Scene.scn"; sourceTree = "<group>"; };
		9816E947205D152500B757C5 /* SpectrumColumn.swift */ = {isa = PBXFileReference; lastKnownFileType = sourcecode.swift; path = SpectrumColumn.swift; sourceTree = "<group>"; };
		9816E949205D199C00B757C5 /* SpectrumGraph.swift */ = {isa = PBXFileReference; lastKnownFileType = sourcecode.swift; path = SpectrumGraph.swift; sourceTree = "<group>"; };
		9816E94B205D200200B757C5 /* SpectrumGraph3D.swift */ = {isa = PBXFileReference; lastKnownFileType = sourcecode.swift; path = SpectrumGraph3D.swift; sourceTree = "<group>"; };
		9816E94D205D240500B757C5 /* Materials.swift */ = {isa = PBXFileReference; lastKnownFileType = sourcecode.swift; path = Materials.swift; sourceTree = "<group>"; };
		9816E94F2060812200B757C5 /* FFTHelper.swift */ = {isa = PBXFileReference; lastKnownFileType = sourcecode.swift; path = FFTHelper.swift; sourceTree = "<group>"; };
		9816E9512063564300B757C5 /* CustomCameraController.swift */ = {isa = PBXFileReference; lastKnownFileType = sourcecode.swift; path = CustomCameraController.swift; sourceTree = "<group>"; };
		98187D3E206D8521006DC143 /* Constants.swift */ = {isa = PBXFileReference; fileEncoding = 4; lastKnownFileType = sourcecode.swift; path = Constants.swift; sourceTree = "<group>"; };
		9834EDEE2063CFB500087000 /* ionicons.ttf */ = {isa = PBXFileReference; lastKnownFileType = file; path = ionicons.ttf; sourceTree = "<group>"; };
		9846D2A32067A9EF00C88975 /* Julie_Maxwells_Starry_Sky.m4a */ = {isa = PBXFileReference; lastKnownFileType = file; path = Julie_Maxwells_Starry_Sky.m4a; sourceTree = "<group>"; };
		989729EB206C680A007797F8 /* WaveformView.xib */ = {isa = PBXFileReference; lastKnownFileType = file.xib; path = WaveformView.xib; sourceTree = "<group>"; };
		989729ED206C84B5007797F8 /* WaveformView.swift */ = {isa = PBXFileReference; lastKnownFileType = sourcecode.swift; path = WaveformView.swift; sourceTree = "<group>"; };
		989729F1206C95BE007797F8 /* WaveformViewController.swift */ = {isa = PBXFileReference; lastKnownFileType = sourcecode.swift; path = WaveformViewController.swift; sourceTree = "<group>"; };
		98AF5859206D036C00E5C898 /* WaveformTableViewController.swift */ = {isa = PBXFileReference; lastKnownFileType = sourcecode.swift; path = WaveformTableViewController.swift; sourceTree = "<group>"; };
		98AF585D206D099900E5C898 /* UIViewExtensions.swift */ = {isa = PBXFileReference; lastKnownFileType = sourcecode.swift; path = UIViewExtensions.swift; sourceTree = "<group>"; };
		98AF585F206D201000E5C898 /* SineFunctionGenerator.swift */ = {isa = PBXFileReference; lastKnownFileType = sourcecode.swift; path = SineFunctionGenerator.swift; sourceTree = "<group>"; };
		98B6DA11205A53E4009B54E7 /* Fourier.app */ = {isa = PBXFileReference; explicitFileType = wrapper.application; includeInIndex = 0; path = Fourier.app; sourceTree = BUILT_PRODUCTS_DIR; };
		98B6DA14205A53E4009B54E7 /* AppDelegate.swift */ = {isa = PBXFileReference; lastKnownFileType = sourcecode.swift; path = AppDelegate.swift; sourceTree = "<group>"; };
		98B6DA16205A53E5009B54E7 /* ViewController.swift */ = {isa = PBXFileReference; lastKnownFileType = sourcecode.swift; path = ViewController.swift; sourceTree = "<group>"; };
		98B6DA19205A53E5009B54E7 /* Base */ = {isa = PBXFileReference; lastKnownFileType = file.storyboard; name = Base; path = Base.lproj/Main.storyboard; sourceTree = "<group>"; };
		98B6DA1B205A53E5009B54E7 /* Assets.xcassets */ = {isa = PBXFileReference; lastKnownFileType = folder.assetcatalog; path = Assets.xcassets; sourceTree = "<group>"; };
		98B6DA1E205A53E5009B54E7 /* Base */ = {isa = PBXFileReference; lastKnownFileType = file.storyboard; name = Base; path = Base.lproj/LaunchScreen.storyboard; sourceTree = "<group>"; };
		98B6DA20205A53E5009B54E7 /* Info.plist */ = {isa = PBXFileReference; lastKnownFileType = text.plist.xml; path = Info.plist; sourceTree = "<group>"; };
		98B6DA2A205A54EB009B54E7 /* Fouler_lhorizon.mp3 */ = {isa = PBXFileReference; lastKnownFileType = audio.mp3; path = Fouler_lhorizon.mp3; sourceTree = "<group>"; };
		98B6DA2C205A63F2009B54E7 /* SpectrumView.swift */ = {isa = PBXFileReference; lastKnownFileType = sourcecode.swift; path = SpectrumView.swift; sourceTree = "<group>"; };
		98D5A9FE205A73B6003BDA7F /* 440and173.m4a */ = {isa = PBXFileReference; lastKnownFileType = file; path = 440and173.m4a; sourceTree = "<group>"; };
		98D5AA00205AA30A003BDA7F /* MDK - Fingerbang.mp3 */ = {isa = PBXFileReference; lastKnownFileType = audio.mp3; path = "MDK - Fingerbang.mp3"; sourceTree = "<group>"; };
		98D5AA02205ABD74003BDA7F /* Mirror.mp3 */ = {isa = PBXFileReference; lastKnownFileType = audio.mp3; path = Mirror.mp3; sourceTree = "<group>"; };
		98D5AA04205B53C3003BDA7F /* AudioManager.swift */ = {isa = PBXFileReference; lastKnownFileType = sourcecode.swift; path = AudioManager.swift; sourceTree = "<group>"; };
		98D5AA06205B5583003BDA7F /* AudioManagerDelegate.swift */ = {isa = PBXFileReference; lastKnownFileType = sourcecode.swift; path = AudioManagerDelegate.swift; sourceTree = "<group>"; };
		98DFA51F206890E00072C7BA /* PlotView.swift */ = {isa = PBXFileReference; lastKnownFileType = sourcecode.swift; path = PlotView.swift; sourceTree = "<group>"; };
		98DFA521206894790072C7BA /* TestViewController.swift */ = {isa = PBXFileReference; lastKnownFileType = sourcecode.swift; path = TestViewController.swift; sourceTree = "<group>"; };
		98DFA5232069E81A0072C7BA /* AVPureTonePlayerNode.swift */ = {isa = PBXFileReference; lastKnownFileType = sourcecode.swift; path = AVPureTonePlayerNode.swift; sourceTree = "<group>"; };
/* End PBXFileReference section */

/* Begin PBXFrameworksBuildPhase section */
		98B6DA0E205A53E4009B54E7 /* Frameworks */ = {
			isa = PBXFrameworksBuildPhase;
			buildActionMask = 2147483647;
			files = (
			);
			runOnlyForDeploymentPostprocessing = 0;
		};
/* End PBXFrameworksBuildPhase section */

/* Begin PBXGroup section */
		98B6DA08205A53E4009B54E7 = {
			isa = PBXGroup;
			children = (
				98B6DA13205A53E4009B54E7 /* Fourier */,
				98B6DA12205A53E4009B54E7 /* Products */,
			);
			sourceTree = "<group>";
		};
		98B6DA12205A53E4009B54E7 /* Products */ = {
			isa = PBXGroup;
			children = (
				98B6DA11205A53E4009B54E7 /* Fourier.app */,
			);
			name = Products;
			sourceTree = "<group>";
		};
		98B6DA13205A53E4009B54E7 /* Fourier */ = {
			isa = PBXGroup;
			children = (
				98AF585F206D201000E5C898 /* SineFunctionGenerator.swift */,
				98187D3E206D8521006DC143 /* Constants.swift */,
				98B6DA14205A53E4009B54E7 /* AppDelegate.swift */,
				98B6DA16205A53E5009B54E7 /* ViewController.swift */,
				98DFA51F206890E00072C7BA /* PlotView.swift */,
				9816E9512063564300B757C5 /* CustomCameraController.swift */,
				9816E947205D152500B757C5 /* SpectrumColumn.swift */,
				9816E949205D199C00B757C5 /* SpectrumGraph.swift */,
				9816E94B205D200200B757C5 /* SpectrumGraph3D.swift */,
				9816E94D205D240500B757C5 /* Materials.swift */,
				98D5AA04205B53C3003BDA7F /* AudioManager.swift */,
				98DFA5232069E81A0072C7BA /* AVPureTonePlayerNode.swift */,
				9816E945205C2C1500B757C5 /* SceneKit Scene.scn */,
				98D5AA06205B5583003BDA7F /* AudioManagerDelegate.swift */,
				9816E94F2060812200B757C5 /* FFTHelper.swift */,
				98B6DA18205A53E5009B54E7 /* Main.storyboard */,
				989729EB206C680A007797F8 /* WaveformView.xib */,
				989729ED206C84B5007797F8 /* WaveformView.swift */,
				98AF585D206D099900E5C898 /* UIViewExtensions.swift */,
				989729F1206C95BE007797F8 /* WaveformViewController.swift */,
				98AF5859206D036C00E5C898 /* WaveformTableViewController.swift */,
				98DFA521206894790072C7BA /* TestViewController.swift */,
				98B6DA2C205A63F2009B54E7 /* SpectrumView.swift */,
				98D5AA02205ABD74003BDA7F /* Mirror.mp3 */,
				98B6DA1B205A53E5009B54E7 /* Assets.xcassets */,
				98B6DA1D205A53E5009B54E7 /* LaunchScreen.storyboard */,
				9846D2A32067A9EF00C88975 /* Julie_Maxwells_Starry_Sky.m4a */,
				98B6DA20205A53E5009B54E7 /* Info.plist */,
				98B6DA2A205A54EB009B54E7 /* Fouler_lhorizon.mp3 */,
				98D5A9FE205A73B6003BDA7F /* 440and173.m4a */,
				9834EDEE2063CFB500087000 /* ionicons.ttf */,
				98D5AA00205AA30A003BDA7F /* MDK - Fingerbang.mp3 */,
			);
			path = Fourier;
			sourceTree = "<group>";
		};
/* End PBXGroup section */

/* Begin PBXNativeTarget section */
		98B6DA10205A53E4009B54E7 /* Fourier */ = {
			isa = PBXNativeTarget;
			buildConfigurationList = 98B6DA23205A53E5009B54E7 /* Build configuration list for PBXNativeTarget "Fourier" */;
			buildPhases = (
				98B6DA0D205A53E4009B54E7 /* Sources */,
				98B6DA0E205A53E4009B54E7 /* Frameworks */,
				98B6DA0F205A53E4009B54E7 /* Resources */,
			);
			buildRules = (
			);
			dependencies = (
			);
			name = Fourier;
			productName = Fourier;
			productReference = 98B6DA11205A53E4009B54E7 /* Fourier.app */;
			productType = "com.apple.product-type.application";
		};
/* End PBXNativeTarget section */

/* Begin PBXProject section */
		98B6DA09205A53E4009B54E7 /* Project object */ = {
			isa = PBXProject;
			attributes = {
				LastSwiftUpdateCheck = 0920;
				LastUpgradeCheck = 0920;
				ORGANIZATIONNAME = "Blocry Glass";
				TargetAttributes = {
					98B6DA10205A53E4009B54E7 = {
						CreatedOnToolsVersion = 9.2;
						ProvisioningStyle = Automatic;
					};
				};
			};
			buildConfigurationList = 98B6DA0C205A53E4009B54E7 /* Build configuration list for PBXProject "Fourier" */;
			compatibilityVersion = "Xcode 8.0";
			developmentRegion = en;
			hasScannedForEncodings = 0;
			knownRegions = (
				en,
				Base,
			);
			mainGroup = 98B6DA08205A53E4009B54E7;
			productRefGroup = 98B6DA12205A53E4009B54E7 /* Products */;
			projectDirPath = "";
			projectRoot = "";
			targets = (
				98B6DA10205A53E4009B54E7 /* Fourier */,
			);
		};
/* End PBXProject section */

/* Begin PBXResourcesBuildPhase section */
		98B6DA0F205A53E4009B54E7 /* Resources */ = {
			isa = PBXResourcesBuildPhase;
			buildActionMask = 2147483647;
			files = (
				989729EC206C680A007797F8 /* WaveformView.xib in Resources */,
				9816E946205C2C1500B757C5 /* SceneKit Scene.scn in Resources */,
				98B6DA1F205A53E5009B54E7 /* LaunchScreen.storyboard in Resources */,
				98D5A9FF205A73B6003BDA7F /* 440and173.m4a in Resources */,
				98D5AA01205AA30A003BDA7F /* MDK - Fingerbang.mp3 in Resources */,
				98B6DA1C205A53E5009B54E7 /* Assets.xcassets in Resources */,
				9834EDEF2063CFB500087000 /* ionicons.ttf in Resources */,
				98B6DA1A205A53E5009B54E7 /* Main.storyboard in Resources */,
				98D5AA03205ABD74003BDA7F /* Mirror.mp3 in Resources */,
				9846D2A42067A9EF00C88975 /* Julie_Maxwells_Starry_Sky.m4a in Resources */,
				98B6DA2B205A54EB009B54E7 /* Fouler_lhorizon.mp3 in Resources */,
			);
			runOnlyForDeploymentPostprocessing = 0;
		};
/* End PBXResourcesBuildPhase section */

/* Begin PBXSourcesBuildPhase section */
		98B6DA0D205A53E4009B54E7 /* Sources */ = {
			isa = PBXSourcesBuildPhase;
			buildActionMask = 2147483647;
			files = (
				9816E94A205D199C00B757C5 /* SpectrumGraph.swift in Sources */,
				98AF5860206D201000E5C898 /* SineFunctionGenerator.swift in Sources */,
				9816E9522063564300B757C5 /* CustomCameraController.swift in Sources */,
				98B6DA17205A53E5009B54E7 /* ViewController.swift in Sources */,
				98B6DA2D205A63F2009B54E7 /* SpectrumView.swift in Sources */,
				98D5AA07205B5583003BDA7F /* AudioManagerDelegate.swift in Sources */,
				98DFA522206894790072C7BA /* TestViewController.swift in Sources */,
				98AF585B206D036C00E5C898 /* WaveformTableViewController.swift in Sources */,
				98D5AA05205B53C3003BDA7F /* AudioManager.swift in Sources */,
				9816E94C205D200200B757C5 /* SpectrumGraph3D.swift in Sources */,
				98DFA520206890E00072C7BA /* PlotView.swift in Sources */,
				98DFA5242069E81A0072C7BA /* AVPureTonePlayerNode.swift in Sources */,
				9816E94E205D240500B757C5 /* Materials.swift in Sources */,
				98187D3F206D8521006DC143 /* Constants.swift in Sources */,
				9816E948205D152500B757C5 /* SpectrumColumn.swift in Sources */,
				9816E9502060812200B757C5 /* FFTHelper.swift in Sources */,
				989729F2206C95BE007797F8 /* WaveformViewController.swift in Sources */,
				98B6DA15205A53E4009B54E7 /* AppDelegate.swift in Sources */,
				98AF585E206D099900E5C898 /* UIViewExtensions.swift in Sources */,
				989729EE206C84B5007797F8 /* WaveformView.swift in Sources */,
			);
			runOnlyForDeploymentPostprocessing = 0;
		};
/* End PBXSourcesBuildPhase section */

/* Begin PBXVariantGroup section */
		98B6DA18205A53E5009B54E7 /* Main.storyboard */ = {
			isa = PBXVariantGroup;
			children = (
				98B6DA19205A53E5009B54E7 /* Base */,
			);
			name = Main.storyboard;
			sourceTree = "<group>";
		};
		98B6DA1D205A53E5009B54E7 /* LaunchScreen.storyboard */ = {
			isa = PBXVariantGroup;
			children = (
				98B6DA1E205A53E5009B54E7 /* Base */,
			);
			name = LaunchScreen.storyboard;
			sourceTree = "<group>";
		};
/* End PBXVariantGroup section */

/* Begin XCBuildConfiguration section */
		98B6DA21205A53E5009B54E7 /* Debug */ = {
			isa = XCBuildConfiguration;
			buildSettings = {
				ALWAYS_SEARCH_USER_PATHS = NO;
				CLANG_ANALYZER_NONNULL = YES;
				CLANG_ANALYZER_NUMBER_OBJECT_CONVERSION = YES_AGGRESSIVE;
				CLANG_CXX_LANGUAGE_STANDARD = "gnu++14";
				CLANG_CXX_LIBRARY = "libc++";
				CLANG_ENABLE_MODULES = YES;
				CLANG_ENABLE_OBJC_ARC = YES;
				CLANG_WARN_BLOCK_CAPTURE_AUTORELEASING = YES;
				CLANG_WARN_BOOL_CONVERSION = YES;
				CLANG_WARN_COMMA = YES;
				CLANG_WARN_CONSTANT_CONVERSION = YES;
				CLANG_WARN_DIRECT_OBJC_ISA_USAGE = YES_ERROR;
				CLANG_WARN_DOCUMENTATION_COMMENTS = YES;
				CLANG_WARN_EMPTY_BODY = YES;
				CLANG_WARN_ENUM_CONVERSION = YES;
				CLANG_WARN_INFINITE_RECURSION = YES;
				CLANG_WARN_INT_CONVERSION = YES;
				CLANG_WARN_NON_LITERAL_NULL_CONVERSION = YES;
				CLANG_WARN_OBJC_LITERAL_CONVERSION = YES;
				CLANG_WARN_OBJC_ROOT_CLASS = YES_ERROR;
				CLANG_WARN_RANGE_LOOP_ANALYSIS = YES;
				CLANG_WARN_STRICT_PROTOTYPES = YES;
				CLANG_WARN_SUSPICIOUS_MOVE = YES;
				CLANG_WARN_UNGUARDED_AVAILABILITY = YES_AGGRESSIVE;
				CLANG_WARN_UNREACHABLE_CODE = YES;
				CLANG_WARN__DUPLICATE_METHOD_MATCH = YES;
				CODE_SIGN_IDENTITY = "iPhone Developer";
				COPY_PHASE_STRIP = NO;
				DEBUG_INFORMATION_FORMAT = dwarf;
				ENABLE_STRICT_OBJC_MSGSEND = YES;
				ENABLE_TESTABILITY = YES;
				GCC_C_LANGUAGE_STANDARD = gnu11;
				GCC_DYNAMIC_NO_PIC = NO;
				GCC_NO_COMMON_BLOCKS = YES;
				GCC_OPTIMIZATION_LEVEL = 0;
				GCC_PREPROCESSOR_DEFINITIONS = (
					"DEBUG=1",
					"$(inherited)",
				);
				GCC_WARN_64_TO_32_BIT_CONVERSION = YES;
				GCC_WARN_ABOUT_RETURN_TYPE = YES_ERROR;
				GCC_WARN_UNDECLARED_SELECTOR = YES;
				GCC_WARN_UNINITIALIZED_AUTOS = YES_AGGRESSIVE;
				GCC_WARN_UNUSED_FUNCTION = YES;
				GCC_WARN_UNUSED_VARIABLE = YES;
				IPHONEOS_DEPLOYMENT_TARGET = 11.2;
				MTL_ENABLE_DEBUG_INFO = YES;
				ONLY_ACTIVE_ARCH = YES;
				SDKROOT = iphoneos;
				SWIFT_ACTIVE_COMPILATION_CONDITIONS = DEBUG;
				SWIFT_OPTIMIZATION_LEVEL = "-Onone";
			};
			name = Debug;
		};
		98B6DA22205A53E5009B54E7 /* Release */ = {
			isa = XCBuildConfiguration;
			buildSettings = {
				ALWAYS_SEARCH_USER_PATHS = NO;
				CLANG_ANALYZER_NONNULL = YES;
				CLANG_ANALYZER_NUMBER_OBJECT_CONVERSION = YES_AGGRESSIVE;
				CLANG_CXX_LANGUAGE_STANDARD = "gnu++14";
				CLANG_CXX_LIBRARY = "libc++";
				CLANG_ENABLE_MODULES = YES;
				CLANG_ENABLE_OBJC_ARC = YES;
				CLANG_WARN_BLOCK_CAPTURE_AUTORELEASING = YES;
				CLANG_WARN_BOOL_CONVERSION = YES;
				CLANG_WARN_COMMA = YES;
				CLANG_WARN_CONSTANT_CONVERSION = YES;
				CLANG_WARN_DIRECT_OBJC_ISA_USAGE = YES_ERROR;
				CLANG_WARN_DOCUMENTATION_COMMENTS = YES;
				CLANG_WARN_EMPTY_BODY = YES;
				CLANG_WARN_ENUM_CONVERSION = YES;
				CLANG_WARN_INFINITE_RECURSION = YES;
				CLANG_WARN_INT_CONVERSION = YES;
				CLANG_WARN_NON_LITERAL_NULL_CONVERSION = YES;
				CLANG_WARN_OBJC_LITERAL_CONVERSION = YES;
				CLANG_WARN_OBJC_ROOT_CLASS = YES_ERROR;
				CLANG_WARN_RANGE_LOOP_ANALYSIS = YES;
				CLANG_WARN_STRICT_PROTOTYPES = YES;
				CLANG_WARN_SUSPICIOUS_MOVE = YES;
				CLANG_WARN_UNGUARDED_AVAILABILITY = YES_AGGRESSIVE;
				CLANG_WARN_UNREACHABLE_CODE = YES;
				CLANG_WARN__DUPLICATE_METHOD_MATCH = YES;
				CODE_SIGN_IDENTITY = "iPhone Developer";
				COPY_PHASE_STRIP = NO;
				DEBUG_INFORMATION_FORMAT = "dwarf-with-dsym";
				ENABLE_NS_ASSERTIONS = NO;
				ENABLE_STRICT_OBJC_MSGSEND = YES;
				GCC_C_LANGUAGE_STANDARD = gnu11;
				GCC_NO_COMMON_BLOCKS = YES;
				GCC_WARN_64_TO_32_BIT_CONVERSION = YES;
				GCC_WARN_ABOUT_RETURN_TYPE = YES_ERROR;
				GCC_WARN_UNDECLARED_SELECTOR = YES;
				GCC_WARN_UNINITIALIZED_AUTOS = YES_AGGRESSIVE;
				GCC_WARN_UNUSED_FUNCTION = YES;
				GCC_WARN_UNUSED_VARIABLE = YES;
				IPHONEOS_DEPLOYMENT_TARGET = 11.2;
				MTL_ENABLE_DEBUG_INFO = NO;
				SDKROOT = iphoneos;
				SWIFT_OPTIMIZATION_LEVEL = "-Owholemodule";
				VALIDATE_PRODUCT = YES;
			};
			name = Release;
		};
		98B6DA24205A53E5009B54E7 /* Debug */ = {
			isa = XCBuildConfiguration;
			buildSettings = {
				ASSETCATALOG_COMPILER_APPICON_NAME = AppIcon;
				CODE_SIGN_STYLE = Automatic;
				DEVELOPMENT_TEAM = 6S29AYKP6Y;
				INFOPLIST_FILE = Fourier/Info.plist;
				LD_RUNPATH_SEARCH_PATHS = "$(inherited) @executable_path/Frameworks";
				PRODUCT_BUNDLE_IDENTIFIER = blocry.Fourier;
				PRODUCT_NAME = "$(TARGET_NAME)";
				SWIFT_VERSION = 4.0;
				TARGETED_DEVICE_FAMILY = "1,2";
			};
			name = Debug;
		};
		98B6DA25205A53E5009B54E7 /* Release */ = {
			isa = XCBuildConfiguration;
			buildSettings = {
				ASSETCATALOG_COMPILER_APPICON_NAME = AppIcon;
				CODE_SIGN_STYLE = Automatic;
				DEVELOPMENT_TEAM = 6S29AYKP6Y;
				INFOPLIST_FILE = Fourier/Info.plist;
				LD_RUNPATH_SEARCH_PATHS = "$(inherited) @executable_path/Frameworks";
				PRODUCT_BUNDLE_IDENTIFIER = blocry.Fourier;
				PRODUCT_NAME = "$(TARGET_NAME)";
				SWIFT_VERSION = 4.0;
				TARGETED_DEVICE_FAMILY = "1,2";
			};
			name = Release;
		};
/* End XCBuildConfiguration section */

/* Begin XCConfigurationList section */
		98B6DA0C205A53E4009B54E7 /* Build configuration list for PBXProject "Fourier" */ = {
			isa = XCConfigurationList;
			buildConfigurations = (
				98B6DA21205A53E5009B54E7 /* Debug */,
				98B6DA22205A53E5009B54E7 /* Release */,
			);
			defaultConfigurationIsVisible = 0;
			defaultConfigurationName = Release;
		};
		98B6DA23205A53E5009B54E7 /* Build configuration list for PBXNativeTarget "Fourier" */ = {
			isa = XCConfigurationList;
			buildConfigurations = (
				98B6DA24205A53E5009B54E7 /* Debug */,
				98B6DA25205A53E5009B54E7 /* Release */,
			);
			defaultConfigurationIsVisible = 0;
			defaultConfigurationName = Release;
		};
/* End XCConfigurationList section */
	};
	rootObject = 98B6DA09205A53E4009B54E7 /* Project object */;
}
